{
  "nodes": {
    "flake-parts": {
      "inputs": {
        "nixpkgs-lib": [
          "nixpkgs"
        ]
      },
      "locked": {
        "lastModified": 1785627969,
        "narHash": "sha256-4dtXQk/NMePegK/nWp5NSeuZKLATItOq61lpEvmXqGw=",
        "owner": "hercules-ci",
        "repo": "flake-parts",
        "rev": "427bf4bd9435fdf21321c8cc628c24efc14c0f7a",
        "type": "github"
      },
      "original": {
        "owner": "hercules-ci",
        "repo": "flake-parts",
        "type": "github"
      }
    },
    "go-error-family": {
      "flake": false,
      "locked": {
        "lastModified": 1785912254,
        "narHash": "sha256-TLR0UeM4g1oTc447uu1sIvRyaRGmBRx0derWPB6rvds=",
        "ref": "master",
        "rev": "8baa8344715acecd3e96050ae4cf606fd9370b1b",
        "revCount": 273,
        "type": "git",
        "url": "ssh://git@github.com/LarsArtmann/go-error-family"
      },
      "original": {
        "ref": "master",
        "type": "git",
        "url": "ssh://git@github.com/LarsArtmann/go-error-family"
      }
    },
    "go-finding": {
      "flake": false,
      "locked": {
        "lastModified": 1786268343,
        "narHash": "sha256-pMD5mj4JB4wsObCBOhqv1zq1GnYPa2WwISGgAWvxXVE=",
        "ref": "master",
        "rev": "22cec8abe3671ce2840782a01624c6cd68ff3f03",
        "revCount": 1139,
        "type": "git",
        "url": "ssh://git@github.com/LarsArtmann/go-finding"
      },
      "original": {
        "ref": "master",
        "type": "git",
        "url": "ssh://git@github.com/LarsArtmann/go-finding"
      }
    },
    "go-gogenfilter": {
      "flake": false,
      "locked": {
        "lastModified": 1785927058,
        "narHash": "sha256-Xhqx3pggdtK7AjaEyMwLuBMUjRzC5ot+fAOqYOpO2Uk=",
        "ref": "master",
        "rev": "f1d12004fce8c8970ba6bb3b1d05cf67fadc873e",
        "revCount": 831,
        "type": "git",
        "url": "ssh://git@github.com/LarsArtmann/gogenfilter"
      },
      "original": {
        "ref": "master",
        "type": "git",
        "url": "ssh://git@github.com/LarsArtmann/gogenfilter"
      }
    },
    "go-linter-sdk": {
      "flake": false,
      "locked": {
        "lastModified": 1786185691,
        "narHash": "sha256-+4t7nZoEu39TdIsAOLtMOvj0JttwJ4Jc7KUZ/dxtYqo=",
        "ref": "master",
        "rev": "47a82f04c8aacb6be24caff743f6f4fa19f2c0c4",
        "revCount": 83,
        "type": "git",
        "url": "ssh://git@github.com/LarsArtmann/go-linter-sdk"
      },
      "original": {
        "ref": "master",
        "type": "git",
        "url": "ssh://git@github.com/LarsArtmann/go-linter-sdk"
      }
    },
    "go-nix-helpers": {
      "flake": false,
      "locked": {
        "lastModified": 1786329523,
        "narHash": "sha256-T/Xg0aH6jVARBD0ReM7/TATZ6or+XX98D4BYUL6jwf8=",
        "ref": "master",
        "rev": "3d66f6498bab528bf4f26186487abe919594da64",
        "revCount": 123,
        "type": "git",
        "url": "ssh://git@github.com/LarsArtmann/go-nix-helpers"
      },
      "original": {
        "ref": "master",
        "type": "git",
        "url": "ssh://git@github.com/LarsArtmann/go-nix-helpers"
      }
    },
    "nixpkgs": {
      "locked": {
        "lastModified": 1786106723,
        "narHash": "sha256-zDSUbpoeo/9ZmD2+wXnzxoo1+uhL8vxc0b8yuYMKYq0=",
        "owner": "NixOS",
        "repo": "nixpkgs",
        "rev": "f13ff45afd1bb73e640eaa08a7066dbed07e3238",
        "type": "github"
      },
      "original": {
        "owner": "NixOS",
        "ref": "nixos-unstable",
        "repo": "nixpkgs",
        "type": "github"
      }
    },
    "root": {
      "inputs": {
        "flake-parts": "flake-parts",
        "go-error-family": "go-error-family",
        "go-finding": "go-finding",
        "go-gogenfilter": "go-gogenfilter",
        "go-linter-sdk": "go-linter-sdk",
        "go-nix-helpers": "go-nix-helpers",
        "nixpkgs": "nixpkgs",
        "systems": "systems",
        "treefmt-nix": "treefmt-nix"
      }
    },
    "systems": {
      "locked": {
        "lastModified": 1681028828,
        "narHash": "sha256-Vy1rq5AaRuLzOxct8nz4T6wlgyUR7zLU309k9mBC768=",
        "owner": "nix-systems",
        "repo": "default",
        "rev": "da67096a3b9bf56a91d16901293e51ba5b49a27e",
        "type": "github"
      },
      "original": {
        "owner": "nix-systems",
        "repo": "default",
        "type": "github"
      }
    },
    "treefmt-nix": {
      "inputs": {
        "nixpkgs": [
          "nixpkgs"
        ]
      },
      "locked": {
        "lastModified": 1785945821,
        "narHash": "sha256-NLSyTCW4K4ofhNBllt3omPasm6QpralXH1DBZOc91Dw=",
        "owner": "numtide",
        "repo": "treefmt-nix",
        "rev": "ae7910970dddc408fe6ab1c8e4b277bb21d72dc0",
        "type": "github"
      },
      "original": {
        "owner": "numtide",
        "repo": "treefmt-nix",
        "type": "github"
      }
    }
  },
  "root": "root",
  "version": 7
}
