{
  "nodes": {
    "flake-parts": {
      "inputs": {
        "nixpkgs-lib": [
          "nixpkgs"
        ]
      },
      "locked": {
        "lastModified": 1788450739,
        "narHash": "sha256-glZLQlzIn1fXH6PazR2iUmTo7kzzyYSshrWhLS9TqCU=",
        "owner": "hercules-ci",
        "repo": "flake-parts",
        "rev": "31729ca8cbdb4fa927b34e5f4353e6a83f39e993",
        "type": "github"
      },
      "original": {
        "owner": "hercules-ci",
        "repo": "flake-parts",
        "type": "github"
      }
    },
    "flake-parts_2": {
      "inputs": {
        "nixpkgs-lib": [
          "go-nix-helpers",
          "nixpkgs"
        ]
      },
      "locked": {
        "lastModified": 1788450739,
        "narHash": "sha256-glZLQlzIn1fXH6PazR2iUmTo7kzzyYSshrWhLS9TqCU=",
        "owner": "hercules-ci",
        "repo": "flake-parts",
        "rev": "31729ca8cbdb4fa927b34e5f4353e6a83f39e993",
        "type": "github"
      },
      "original": {
        "owner": "hercules-ci",
        "repo": "flake-parts",
        "type": "github"
      }
    },
    "go-error-family": {
      "flake": false,
      "locked": {
        "lastModified": 1789761695,
        "narHash": "sha256-SUjaQ+CLJno9kmdjYrz4fupkPfmBUmnCgD9J15nIbPA=",
        "ref": "master",
        "rev": "8f64b0ceac18dfe5c03ed9db0665bbe68a7be404",
        "revCount": 325,
        "type": "git",
        "url": "ssh://git@github.com/LarsArtmann/go-error-family"
      },
      "original": {
        "ref": "master",
        "type": "git",
        "url": "ssh://git@github.com/LarsArtmann/go-error-family"
      }
    },
    "go-finding": {
      "flake": false,
      "locked": {
        "lastModified": 1789794204,
        "narHash": "sha256-bUFMjaV/xpZkkQhSFDnM0OEp4lpW6HLZe3G2s1aEi2k=",
        "ref": "master",
        "rev": "a78657174538674744746dc3caef33d835ea23ed",
        "revCount": 1345,
        "type": "git",
        "url": "ssh://git@github.com/LarsArtmann/go-finding"
      },
      "original": {
        "ref": "master",
        "type": "git",
        "url": "ssh://git@github.com/LarsArtmann/go-finding"
      }
    },
    "go-linter-sdk": {
      "flake": false,
      "locked": {
        "lastModified": 1789663605,
        "narHash": "sha256-x5WMGuxitnJnTnSDDAnJ4cguLIP4KEA/uP9c19t0zpk=",
        "ref": "master",
        "rev": "93bd4dd95567e953921dd9cc0a1b7f90a74eee14",
        "revCount": 142,
        "type": "git",
        "url": "ssh://git@github.com/LarsArtmann/go-linter-sdk"
      },
      "original": {
        "ref": "master",
        "type": "git",
        "url": "ssh://git@github.com/LarsArtmann/go-linter-sdk"
      }
    },
    "go-nix-helpers": {
      "inputs": {
        "flake-parts": "flake-parts_2",
        "nixpkgs": [
          "nixpkgs"
        ],
        "systems": "systems",
        "treefmt-nix": "treefmt-nix"
      },
      "locked": {
        "lastModified": 1789736255,
        "narHash": "sha256-O/5AY2LQnxMM/vDbuXZSrAVBFnX4IIXdU4qFR4UKBQE=",
        "ref": "master",
        "rev": "5574810e1580c04c414c92f611fa1ce67a53dae6",
        "revCount": 161,
        "type": "git",
        "url": "ssh://git@github.com/LarsArtmann/go-nix-helpers"
      },
      "original": {
        "ref": "master",
        "type": "git",
        "url": "ssh://git@github.com/LarsArtmann/go-nix-helpers"
      }
    },
    "gogenfilter": {
      "flake": false,
      "locked": {
        "lastModified": 1789804113,
        "narHash": "sha256-wIF2Ayfivjo69zBl8Sj4BWQHn6Iwl7blvlDvpJ7Cfx4=",
        "ref": "master",
        "rev": "85bfab3e8c49dc6e2eb92adaa8216f6d1aeb2f2c",
        "revCount": 876,
        "type": "git",
        "url": "ssh://git@github.com/LarsArtmann/gogenfilter"
      },
      "original": {
        "ref": "master",
        "type": "git",
        "url": "ssh://git@github.com/LarsArtmann/gogenfilter"
      }
    },
    "nixpkgs": {
      "locked": {
        "lastModified": 1789684949,
        "narHash": "sha256-ZKhUe/2IJUq1JhKxKMu8rbkgSGmPP2ZCqlIPn40aGCM=",
        "owner": "NixOS",
        "repo": "nixpkgs",
        "rev": "e554fab72f81915600f3f449b786fd9af40439a5",
        "type": "github"
      },
      "original": {
        "owner": "NixOS",
        "ref": "nixos-unstable",
        "repo": "nixpkgs",
        "type": "github"
      }
    },
    "root": {
      "inputs": {
        "flake-parts": "flake-parts",
        "go-error-family": "go-error-family",
        "go-finding": "go-finding",
        "go-linter-sdk": "go-linter-sdk",
        "go-nix-helpers": "go-nix-helpers",
        "gogenfilter": "gogenfilter",
        "nixpkgs": "nixpkgs"
      }
    },
    "systems": {
      "locked": {
        "lastModified": 1681028828,
        "narHash": "sha256-Vy1rq5AaRuLzOxct8nz4T6wlgyUR7zLU309k9mBC768=",
        "owner": "nix-systems",
        "repo": "default",
        "rev": "da67096a3b9bf56a91d16901293e51ba5b49a27e",
        "type": "github"
      },
      "original": {
        "owner": "nix-systems",
        "repo": "default",
        "type": "github"
      }
    },
    "treefmt-nix": {
      "inputs": {
        "nixpkgs": [
          "go-nix-helpers",
          "nixpkgs"
        ]
      },
      "locked": {
        "lastModified": 1786901030,
        "narHash": "sha256-WSFCsDSE5ffgD2MqzkM2CYjeFiKhRF/dJUN8uedb6YE=",
        "owner": "numtide",
        "repo": "treefmt-nix",
        "rev": "27b3b12a8e6375f28ebe122f07d230ca5459bbfa",
        "type": "github"
      },
      "original": {
        "owner": "numtide",
        "repo": "treefmt-nix",
        "type": "github"
      }
    }
  },
  "root": "root",
  "version": 7
}
