{
  "nodes": {
    "flake-parts": {
      "inputs": {
        "nixpkgs-lib": [
          "nixpkgs"
        ]
      },
      "locked": {
        "lastModified": 1788450739,
        "narHash": "sha256-glZLQlzIn1fXH6PazR2iUmTo7kzzyYSshrWhLS9TqCU=",
        "owner": "hercules-ci",
        "repo": "flake-parts",
        "rev": "31729ca8cbdb4fa927b34e5f4353e6a83f39e993",
        "type": "github"
      },
      "original": {
        "owner": "hercules-ci",
        "repo": "flake-parts",
        "type": "github"
      }
    },
    "flake-parts_2": {
      "inputs": {
        "nixpkgs-lib": [
          "go-nix-helpers",
          "nixpkgs"
        ]
      },
      "locked": {
        "lastModified": 1788450739,
        "narHash": "sha256-glZLQlzIn1fXH6PazR2iUmTo7kzzyYSshrWhLS9TqCU=",
        "owner": "hercules-ci",
        "repo": "flake-parts",
        "rev": "31729ca8cbdb4fa927b34e5f4353e6a83f39e993",
        "type": "github"
      },
      "original": {
        "owner": "hercules-ci",
        "repo": "flake-parts",
        "type": "github"
      }
    },
    "go-error-family": {
      "flake": false,
      "locked": {
        "lastModified": 1790860970,
        "narHash": "sha256-v5ZNkCdSQ+V2S3xqJSAS1vTOXmktqHMM1adhpoWhGdU=",
        "ref": "master",
        "rev": "781428c0da12f5e1ed08201ce9caa0e7c725a827",
        "revCount": 403,
        "type": "git",
        "url": "ssh://git@github.com/LarsArtmann/go-error-family"
      },
      "original": {
        "ref": "master",
        "type": "git",
        "url": "ssh://git@github.com/LarsArtmann/go-error-family"
      }
    },
    "go-finding": {
      "flake": false,
      "locked": {
        "lastModified": 1790860968,
        "narHash": "sha256-tr0eQFmvtYMeE94sNrjWXPWfIITJbSsSp9bIfu9HjL8=",
        "ref": "master",
        "rev": "866aedf0a8069af43bb303fc2000afda9e9be0ac",
        "revCount": 1467,
        "type": "git",
        "url": "ssh://git@github.com/LarsArtmann/go-finding"
      },
      "original": {
        "ref": "master",
        "type": "git",
        "url": "ssh://git@github.com/LarsArtmann/go-finding"
      }
    },
    "go-linter-sdk": {
      "flake": false,
      "locked": {
        "lastModified": 1790861346,
        "narHash": "sha256-BwJbXjSbRnRu/NGPpIqksFP7U8nVjlgA1M4XC81A3N4=",
        "ref": "master",
        "rev": "4a2423f0fb3ff8bcb7210f23a1f2e746475f0a1e",
        "revCount": 147,
        "type": "git",
        "url": "ssh://git@github.com/LarsArtmann/go-linter-sdk"
      },
      "original": {
        "ref": "master",
        "type": "git",
        "url": "ssh://git@github.com/LarsArtmann/go-linter-sdk"
      }
    },
    "go-nix-helpers": {
      "inputs": {
        "flake-parts": "flake-parts_2",
        "nixpkgs": [
          "nixpkgs"
        ],
        "treefmt-nix": "treefmt-nix"
      },
      "locked": {
        "lastModified": 1790861927,
        "narHash": "sha256-EnN7nmAawj3NIsFheQ/dBfjLzxTyfhQnGjBTHLPIuFA=",
        "ref": "master",
        "rev": "c86f320343caf93d94b02d32bd985f78e36a3da8",
        "revCount": 238,
        "type": "git",
        "url": "ssh://git@github.com/LarsArtmann/go-nix-helpers"
      },
      "original": {
        "ref": "master",
        "type": "git",
        "url": "ssh://git@github.com/LarsArtmann/go-nix-helpers"
      }
    },
    "gogenfilter": {
      "flake": false,
      "locked": {
        "lastModified": 1790860970,
        "narHash": "sha256-d2sz9Zk0nohOdMj6hAKHHIh9F/oFhWo7I12TZk8Ch2k=",
        "ref": "master",
        "rev": "ad9cbdd58332c71946acd3c28ebaf82b509b3944",
        "revCount": 906,
        "type": "git",
        "url": "ssh://git@github.com/LarsArtmann/gogenfilter"
      },
      "original": {
        "ref": "master",
        "type": "git",
        "url": "ssh://git@github.com/LarsArtmann/gogenfilter"
      }
    },
    "nixpkgs": {
      "locked": {
        "lastModified": 1790822859,
        "narHash": "sha256-69xHQhAeMAD2wDXO7T2pcOZIF9Sga2W+JkmY2a11Ops=",
        "owner": "NixOS",
        "repo": "nixpkgs",
        "rev": "c59305bab2065cfecc4944690d9eedbb56f3a9fa",
        "type": "github"
      },
      "original": {
        "owner": "NixOS",
        "ref": "nixos-unstable",
        "repo": "nixpkgs",
        "type": "github"
      }
    },
    "root": {
      "inputs": {
        "flake-parts": "flake-parts",
        "go-error-family": "go-error-family",
        "go-finding": "go-finding",
        "go-linter-sdk": "go-linter-sdk",
        "go-nix-helpers": "go-nix-helpers",
        "gogenfilter": "gogenfilter",
        "nixpkgs": "nixpkgs"
      }
    },
    "treefmt-nix": {
      "inputs": {
        "nixpkgs": [
          "go-nix-helpers",
          "nixpkgs"
        ]
      },
      "locked": {
        "lastModified": 1786901030,
        "narHash": "sha256-WSFCsDSE5ffgD2MqzkM2CYjeFiKhRF/dJUN8uedb6YE=",
        "owner": "numtide",
        "repo": "treefmt-nix",
        "rev": "27b3b12a8e6375f28ebe122f07d230ca5459bbfa",
        "type": "github"
      },
      "original": {
        "owner": "numtide",
        "repo": "treefmt-nix",
        "type": "github"
      }
    }
  },
  "root": "root",
  "version": 7
}
